<Solution>
  <Project Path="Integration.BrasilApi.Fipe.Domain/Integration.BrasilApi.Fipe.Domain.csproj" Id="72bf697a-cec1-4adb-bfcf-87aae3b1b2e0" />
  <Project Path="Integration.BrasilApi.Fipe.Infrastructure/Integration.BrasilApi.Fipe.Infrastructure.csproj" Id="9be64c05-cd59-406c-887c-5991003ef000" />
</Solution>
